// !$*UTF8*$!
{
	archiveVersion = 1;
	classes = {
	};
	objectVersion = 56;
	objects = {

/* Begin PBXBuildFile section */
		7857380EA23B958CAAF4D720 /* Pods_letlaugh.framework in Frameworks */ = {isa = PBXBuildFile; fileRef = F9BF90B57558FFE80EA8C596 /* Pods_letlaugh.framework */; };
		B90851342B064AD80085861B /* AppDelegate.swift in Sources */ = {isa = PBXBuildFile; fileRef = B90851332B064AD80085861B /* AppDelegate.swift */; };
		B90851382B064AD80085861B /* ViewController.swift in Sources */ = {isa = PBXBuildFile; fileRef = B90851372B064AD80085861B /* ViewController.swift */; };
		B908513D2B064ADA0085861B /* Assets.xcassets in Resources */ = {isa = PBXBuildFile; fileRef = B908513C2B064ADA0085861B /* Assets.xcassets */; };
		B90851402B064ADA0085861B /* LaunchScreen.storyboard in Resources */ = {isa = PBXBuildFile; fileRef = B908513E2B064ADA0085861B /* LaunchScreen.storyboard */; };
		B9F4EB3E2B07A4610072EF43 /* RequestSender.swift in Sources */ = {isa = PBXBuildFile; fileRef = B9F4EB3D2B07A4610072EF43 /* RequestSender.swift */; };
		B9F4EB442B07B05D0072EF43 /* JokesNetworkService.swift in Sources */ = {isa = PBXBuildFile; fileRef = B9F4EB432B07B05D0072EF43 /* JokesNetworkService.swift */; };
		B9F4EB462B07B2490072EF43 /* Joke.swift in Sources */ = {isa = PBXBuildFile; fileRef = B9F4EB452B07B2490072EF43 /* Joke.swift */; };
		B9F4EB492B07BA860072EF43 /* ServiceAssebmly.swift in Sources */ = {isa = PBXBuildFile; fileRef = B9F4EB482B07BA860072EF43 /* ServiceAssebmly.swift */; };
		B9F4EB512B07BE770072EF43 /* JokesParser.swift in Sources */ = {isa = PBXBuildFile; fileRef = B9F4EB502B07BE770072EF43 /* JokesParser.swift */; };
/* End PBXBuildFile section */

/* Begin PBXFileReference section */
		B90851302B064AD80085861B /* letlaugh.app */ = {isa = PBXFileReference; explicitFileType = wrapper.application; includeInIndex = 0; path = letlaugh.app; sourceTree = BUILT_PRODUCTS_DIR; };
		B90851332B064AD80085861B /* AppDelegate.swift */ = {isa = PBXFileReference; lastKnownFileType = sourcecode.swift; path = AppDelegate.swift; sourceTree = "<group>"; };
		B90851372B064AD80085861B /* ViewController.swift */ = {isa = PBXFileReference; lastKnownFileType = sourcecode.swift; path = ViewController.swift; sourceTree = "<group>"; };
		B908513C2B064ADA0085861B /* Assets.xcassets */ = {isa = PBXFileReference; lastKnownFileType = folder.assetcatalog; path = Assets.xcassets; sourceTree = "<group>"; };
		B908513F2B064ADA0085861B /* Base */ = {isa = PBXFileReference; lastKnownFileType = file.storyboard; name = Base; path = Base.lproj/LaunchScreen.storyboard; sourceTree = "<group>"; };
		B90851412B064ADA0085861B /* Info.plist */ = {isa = PBXFileReference; lastKnownFileType = text.plist.xml; path = Info.plist; sourceTree = "<group>"; };
		B9AEDD28846E86F5E5732388 /* Pods-letlaugh.release.xcconfig */ = {isa = PBXFileReference; includeInIndex = 1; lastKnownFileType = text.xcconfig; name = "Pods-letlaugh.release.xcconfig"; path = "Target Support Files/Pods-letlaugh/Pods-letlaugh.release.xcconfig"; sourceTree = "<group>"; };
		B9F4EB3D2B07A4610072EF43 /* RequestSender.swift */ = {isa = PBXFileReference; lastKnownFileType = sourcecode.swift; path = RequestSender.swift; sourceTree = "<group>"; };
		B9F4EB432B07B05D0072EF43 /* JokesNetworkService.swift */ = {isa = PBXFileReference; lastKnownFileType = sourcecode.swift; path = JokesNetworkService.swift; sourceTree = "<group>"; };
		B9F4EB452B07B2490072EF43 /* Joke.swift */ = {isa = PBXFileReference; lastKnownFileType = sourcecode.swift; path = Joke.swift; sourceTree = "<group>"; };
		B9F4EB482B07BA860072EF43 /* ServiceAssebmly.swift */ = {isa = PBXFileReference; lastKnownFileType = sourcecode.swift; path = ServiceAssebmly.swift; sourceTree = "<group>"; };
		B9F4EB502B07BE770072EF43 /* JokesParser.swift */ = {isa = PBXFileReference; lastKnownFileType = sourcecode.swift; path = JokesParser.swift; sourceTree = "<group>"; };
		F17FC34682C61059F0D79D7B /* Pods-letlaugh.debug.xcconfig */ = {isa = PBXFileReference; includeInIndex = 1; lastKnownFileType = text.xcconfig; name = "Pods-letlaugh.debug.xcconfig"; path = "Target Support Files/Pods-letlaugh/Pods-letlaugh.debug.xcconfig"; sourceTree = "<group>"; };
		F9BF90B57558FFE80EA8C596 /* Pods_letlaugh.framework */ = {isa = PBXFileReference; explicitFileType = wrapper.framework; includeInIndex = 0; path = Pods_letlaugh.framework; sourceTree = BUILT_PRODUCTS_DIR; };
/* End PBXFileReference section */

/* Begin PBXFrameworksBuildPhase section */
		B908512D2B064AD70085861B /* Frameworks */ = {
			isa = PBXFrameworksBuildPhase;
			buildActionMask = 2147483647;
			files = (
				7857380EA23B958CAAF4D720 /* Pods_letlaugh.framework in Frameworks */,
			);
			runOnlyForDeploymentPostprocessing = 0;
		};
/* End PBXFrameworksBuildPhase section */

/* Begin PBXGroup section */
		6AD4C416E2EE01240874AEE3 /* Pods */ = {
			isa = PBXGroup;
			children = (
				F17FC34682C61059F0D79D7B /* Pods-letlaugh.debug.xcconfig */,
				B9AEDD28846E86F5E5732388 /* Pods-letlaugh.release.xcconfig */,
			);
			path = Pods;
			sourceTree = "<group>";
		};
		B90851272B064AD70085861B = {
			isa = PBXGroup;
			children = (
				B90851322B064AD80085861B /* letlaugh */,
				B90851312B064AD80085861B /* Products */,
				6AD4C416E2EE01240874AEE3 /* Pods */,
				BD234011A649A3581ECEAA98 /* Frameworks */,
			);
			sourceTree = "<group>";
		};
		B90851312B064AD80085861B /* Products */ = {
			isa = PBXGroup;
			children = (
				B90851302B064AD80085861B /* letlaugh.app */,
			);
			name = Products;
			sourceTree = "<group>";
		};
		B90851322B064AD80085861B /* letlaugh */ = {
			isa = PBXGroup;
			children = (
				B9F4EB352B079BC60072EF43 /* PresentationLayer */,
				B9F4EB372B079BD80072EF43 /* ServiceLayer */,
				B9F4EB362B079BD00072EF43 /* CoreLayer */,
				B90851332B064AD80085861B /* AppDelegate.swift */,
				B90851372B064AD80085861B /* ViewController.swift */,
				B908513C2B064ADA0085861B /* Assets.xcassets */,
				B908513E2B064ADA0085861B /* LaunchScreen.storyboard */,
				B90851412B064ADA0085861B /* Info.plist */,
			);
			path = letlaugh;
			sourceTree = "<group>";
		};
		B9F4EB352B079BC60072EF43 /* PresentationLayer */ = {
			isa = PBXGroup;
			children = (
				B9F4EB3B2B079C9D0072EF43 /* MainScreen */,
				B9F4EB3A2B079C800072EF43 /* FavouriteScreen */,
			);
			path = PresentationLayer;
			sourceTree = "<group>";
		};
		B9F4EB362B079BD00072EF43 /* CoreLayer */ = {
			isa = PBXGroup;
			children = (
				B9F4EB3C2B07A4310072EF43 /* Network */,
			);
			path = CoreLayer;
			sourceTree = "<group>";
		};
		B9F4EB372B079BD80072EF43 /* ServiceLayer */ = {
			isa = PBXGroup;
			children = (
				B9F4EB472B07B2510072EF43 /* Models */,
				B9F4EB392B079C720072EF43 /* Services */,
				B9F4EB382B079C5A0072EF43 /* Assembly */,
			);
			path = ServiceLayer;
			sourceTree = "<group>";
		};
		B9F4EB382B079C5A0072EF43 /* Assembly */ = {
			isa = PBXGroup;
			children = (
				B9F4EB482B07BA860072EF43 /* ServiceAssebmly.swift */,
			);
			path = Assembly;
			sourceTree = "<group>";
		};
		B9F4EB392B079C720072EF43 /* Services */ = {
			isa = PBXGroup;
			children = (
				B9F4EB4F2B07BE4F0072EF43 /* Network */,
			);
			path = Services;
			sourceTree = "<group>";
		};
		B9F4EB3A2B079C800072EF43 /* FavouriteScreen */ = {
			isa = PBXGroup;
			children = (
			);
			path = FavouriteScreen;
			sourceTree = "<group>";
		};
		B9F4EB3B2B079C9D0072EF43 /* MainScreen */ = {
			isa = PBXGroup;
			children = (
			);
			path = MainScreen;
			sourceTree = "<group>";
		};
		B9F4EB3C2B07A4310072EF43 /* Network */ = {
			isa = PBXGroup;
			children = (
				B9F4EB3D2B07A4610072EF43 /* RequestSender.swift */,
			);
			path = Network;
			sourceTree = "<group>";
		};
		B9F4EB472B07B2510072EF43 /* Models */ = {
			isa = PBXGroup;
			children = (
				B9F4EB452B07B2490072EF43 /* Joke.swift */,
			);
			path = Models;
			sourceTree = "<group>";
		};
		B9F4EB4F2B07BE4F0072EF43 /* Network */ = {
			isa = PBXGroup;
			children = (
				B9F4EB432B07B05D0072EF43 /* JokesNetworkService.swift */,
				B9F4EB502B07BE770072EF43 /* JokesParser.swift */,
			);
			path = Network;
			sourceTree = "<group>";
		};
		BD234011A649A3581ECEAA98 /* Frameworks */ = {
			isa = PBXGroup;
			children = (
				F9BF90B57558FFE80EA8C596 /* Pods_letlaugh.framework */,
			);
			name = Frameworks;
			sourceTree = "<group>";
		};
/* End PBXGroup section */

/* Begin PBXNativeTarget section */
		B908512F2B064AD70085861B /* letlaugh */ = {
			isa = PBXNativeTarget;
			buildConfigurationList = B90851442B064ADA0085861B /* Build configuration list for PBXNativeTarget "letlaugh" */;
			buildPhases = (
				0F6AD67F22AEBF22A447CF1C /* [CP] Check Pods Manifest.lock */,
				B9F4EB342B0776A20072EF43 /* SwiftLint */,
				B908512C2B064AD70085861B /* Sources */,
				B908512D2B064AD70085861B /* Frameworks */,
				B908512E2B064AD70085861B /* Resources */,
				D278E921013E15FC26251AD0 /* [CP] Embed Pods Frameworks */,
			);
			buildRules = (
			);
			dependencies = (
			);
			name = letlaugh;
			productName = letlaugh;
			productReference = B90851302B064AD80085861B /* letlaugh.app */;
			productType = "com.apple.product-type.application";
		};
/* End PBXNativeTarget section */

/* Begin PBXProject section */
		B90851282B064AD70085861B /* Project object */ = {
			isa = PBXProject;
			attributes = {
				BuildIndependentTargetsInParallel = 1;
				LastSwiftUpdateCheck = 1430;
				LastUpgradeCheck = 1430;
				TargetAttributes = {
					B908512F2B064AD70085861B = {
						CreatedOnToolsVersion = 14.3.1;
					};
				};
			};
			buildConfigurationList = B908512B2B064AD70085861B /* Build configuration list for PBXProject "letlaugh" */;
			compatibilityVersion = "Xcode 14.0";
			developmentRegion = en;
			hasScannedForEncodings = 0;
			knownRegions = (
				en,
				Base,
			);
			mainGroup = B90851272B064AD70085861B;
			productRefGroup = B90851312B064AD80085861B /* Products */;
			projectDirPath = "";
			projectRoot = "";
			targets = (
				B908512F2B064AD70085861B /* letlaugh */,
			);
		};
/* End PBXProject section */

/* Begin PBXResourcesBuildPhase section */
		B908512E2B064AD70085861B /* Resources */ = {
			isa = PBXResourcesBuildPhase;
			buildActionMask = 2147483647;
			files = (
				B90851402B064ADA0085861B /* LaunchScreen.storyboard in Resources */,
				B908513D2B064ADA0085861B /* Assets.xcassets in Resources */,
			);
			runOnlyForDeploymentPostprocessing = 0;
		};
/* End PBXResourcesBuildPhase section */

/* Begin PBXShellScriptBuildPhase section */
		0F6AD67F22AEBF22A447CF1C /* [CP] Check Pods Manifest.lock */ = {
			isa = PBXShellScriptBuildPhase;
			buildActionMask = 2147483647;
			files = (
			);
			inputFileListPaths = (
			);
			inputPaths = (
				"${PODS_PODFILE_DIR_PATH}/Podfile.lock",
				"${PODS_ROOT}/Manifest.lock",
			);
			name = "[CP] Check Pods Manifest.lock";
			outputFileListPaths = (
			);
			outputPaths = (
				"$(DERIVED_FILE_DIR)/Pods-letlaugh-checkManifestLockResult.txt",
			);
			runOnlyForDeploymentPostprocessing = 0;
			shellPath = /bin/sh;
			shellScript = "diff \"${PODS_PODFILE_DIR_PATH}/Podfile.lock\" \"${PODS_ROOT}/Manifest.lock\" > /dev/null\nif [ $? != 0 ] ; then\n    # print error to STDERR\n    echo \"error: The sandbox is not in sync with the Podfile.lock. Run 'pod install' or update your CocoaPods installation.\" >&2\n    exit 1\nfi\n# This output is used by Xcode 'outputs' to avoid re-running this script phase.\necho \"SUCCESS\" > \"${SCRIPT_OUTPUT_FILE_0}\"\n";
			showEnvVarsInLog = 0;
		};
		B9F4EB342B0776A20072EF43 /* SwiftLint */ = {
			isa = PBXShellScriptBuildPhase;
			alwaysOutOfDate = 1;
			buildActionMask = 2147483647;
			files = (
			);
			inputFileListPaths = (
			);
			inputPaths = (
			);
			name = SwiftLint;
			outputFileListPaths = (
			);
			outputPaths = (
			);
			runOnlyForDeploymentPostprocessing = 0;
			shellPath = /bin/sh;
			shellScript = "\"${PODS_ROOT}/SwiftLint/swiftlint\"\n";
		};
		D278E921013E15FC26251AD0 /* [CP] Embed Pods Frameworks */ = {
			isa = PBXShellScriptBuildPhase;
			buildActionMask = 2147483647;
			files = (
			);
			inputFileListPaths = (
				"${PODS_ROOT}/Target Support Files/Pods-letlaugh/Pods-letlaugh-frameworks-${CONFIGURATION}-input-files.xcfilelist",
			);
			name = "[CP] Embed Pods Frameworks";
			outputFileListPaths = (
				"${PODS_ROOT}/Target Support Files/Pods-letlaugh/Pods-letlaugh-frameworks-${CONFIGURATION}-output-files.xcfilelist",
			);
			runOnlyForDeploymentPostprocessing = 0;
			shellPath = /bin/sh;
			shellScript = "\"${PODS_ROOT}/Target Support Files/Pods-letlaugh/Pods-letlaugh-frameworks.sh\"\n";
			showEnvVarsInLog = 0;
		};
/* End PBXShellScriptBuildPhase section */

/* Begin PBXSourcesBuildPhase section */
		B908512C2B064AD70085861B /* Sources */ = {
			isa = PBXSourcesBuildPhase;
			buildActionMask = 2147483647;
			files = (
				B90851382B064AD80085861B /* ViewController.swift in Sources */,
				B9F4EB492B07BA860072EF43 /* ServiceAssebmly.swift in Sources */,
				B9F4EB442B07B05D0072EF43 /* JokesNetworkService.swift in Sources */,
				B90851342B064AD80085861B /* AppDelegate.swift in Sources */,
				B9F4EB512B07BE770072EF43 /* JokesParser.swift in Sources */,
				B9F4EB3E2B07A4610072EF43 /* RequestSender.swift in Sources */,
				B9F4EB462B07B2490072EF43 /* Joke.swift in Sources */,
			);
			runOnlyForDeploymentPostprocessing = 0;
		};
/* End PBXSourcesBuildPhase section */

/* Begin PBXVariantGroup section */
		B908513E2B064ADA0085861B /* LaunchScreen.storyboard */ = {
			isa = PBXVariantGroup;
			children = (
				B908513F2B064ADA0085861B /* Base */,
			);
			name = LaunchScreen.storyboard;
			sourceTree = "<group>";
		};
/* End PBXVariantGroup section */

/* Begin XCBuildConfiguration section */
		B90851422B064ADA0085861B /* Debug */ = {
			isa = XCBuildConfiguration;
			buildSettings = {
				ALWAYS_SEARCH_USER_PATHS = NO;
				CLANG_ANALYZER_NONNULL = YES;
				CLANG_ANALYZER_NUMBER_OBJECT_CONVERSION = YES_AGGRESSIVE;
				CLANG_CXX_LANGUAGE_STANDARD = "gnu++20";
				CLANG_ENABLE_MODULES = YES;
				CLANG_ENABLE_OBJC_ARC = YES;
				CLANG_ENABLE_OBJC_WEAK = YES;
				CLANG_WARN_BLOCK_CAPTURE_AUTORELEASING = YES;
				CLANG_WARN_BOOL_CONVERSION = YES;
				CLANG_WARN_COMMA = YES;
				CLANG_WARN_CONSTANT_CONVERSION = YES;
				CLANG_WARN_DEPRECATED_OBJC_IMPLEMENTATIONS = YES;
				CLANG_WARN_DIRECT_OBJC_ISA_USAGE = YES_ERROR;
				CLANG_WARN_DOCUMENTATION_COMMENTS = YES;
				CLANG_WARN_EMPTY_BODY = YES;
				CLANG_WARN_ENUM_CONVERSION = YES;
				CLANG_WARN_INFINITE_RECURSION = YES;
				CLANG_WARN_INT_CONVERSION = YES;
				CLANG_WARN_NON_LITERAL_NULL_CONVERSION = YES;
				CLANG_WARN_OBJC_IMPLICIT_RETAIN_SELF = YES;
				CLANG_WARN_OBJC_LITERAL_CONVERSION = YES;
				CLANG_WARN_OBJC_ROOT_CLASS = YES_ERROR;
				CLANG_WARN_QUOTED_INCLUDE_IN_FRAMEWORK_HEADER = YES;
				CLANG_WARN_RANGE_LOOP_ANALYSIS = YES;
				CLANG_WARN_STRICT_PROTOTYPES = YES;
				CLANG_WARN_SUSPICIOUS_MOVE = YES;
				CLANG_WARN_UNGUARDED_AVAILABILITY = YES_AGGRESSIVE;
				CLANG_WARN_UNREACHABLE_CODE = YES;
				CLANG_WARN__DUPLICATE_METHOD_MATCH = YES;
				COPY_PHASE_STRIP = NO;
				DEBUG_INFORMATION_FORMAT = dwarf;
				ENABLE_STRICT_OBJC_MSGSEND = YES;
				ENABLE_TESTABILITY = YES;
				GCC_C_LANGUAGE_STANDARD = gnu11;
				GCC_DYNAMIC_NO_PIC = NO;
				GCC_NO_COMMON_BLOCKS = YES;
				GCC_OPTIMIZATION_LEVEL = 0;
				GCC_PREPROCESSOR_DEFINITIONS = (
					"DEBUG=1",
					"$(inherited)",
				);
				GCC_WARN_64_TO_32_BIT_CONVERSION = YES;
				GCC_WARN_ABOUT_RETURN_TYPE = YES_ERROR;
				GCC_WARN_UNDECLARED_SELECTOR = YES;
				GCC_WARN_UNINITIALIZED_AUTOS = YES_AGGRESSIVE;
				GCC_WARN_UNUSED_FUNCTION = YES;
				GCC_WARN_UNUSED_VARIABLE = YES;
				IPHONEOS_DEPLOYMENT_TARGET = 16.4;
				MTL_ENABLE_DEBUG_INFO = INCLUDE_SOURCE;
				MTL_FAST_MATH = YES;
				ONLY_ACTIVE_ARCH = YES;
				SDKROOT = iphoneos;
				SWIFT_ACTIVE_COMPILATION_CONDITIONS = DEBUG;
				SWIFT_OPTIMIZATION_LEVEL = "-Onone";
			};
			name = Debug;
		};
		B90851432B064ADA0085861B /* Release */ = {
			isa = XCBuildConfiguration;
			buildSettings = {
				ALWAYS_SEARCH_USER_PATHS = NO;
				CLANG_ANALYZER_NONNULL = YES;
				CLANG_ANALYZER_NUMBER_OBJECT_CONVERSION = YES_AGGRESSIVE;
				CLANG_CXX_LANGUAGE_STANDARD = "gnu++20";
				CLANG_ENABLE_MODULES = YES;
				CLANG_ENABLE_OBJC_ARC = YES;
				CLANG_ENABLE_OBJC_WEAK = YES;
				CLANG_WARN_BLOCK_CAPTURE_AUTORELEASING = YES;
				CLANG_WARN_BOOL_CONVERSION = YES;
				CLANG_WARN_COMMA = YES;
				CLANG_WARN_CONSTANT_CONVERSION = YES;
				CLANG_WARN_DEPRECATED_OBJC_IMPLEMENTATIONS = YES;
				CLANG_WARN_DIRECT_OBJC_ISA_USAGE = YES_ERROR;
				CLANG_WARN_DOCUMENTATION_COMMENTS = YES;
				CLANG_WARN_EMPTY_BODY = YES;
				CLANG_WARN_ENUM_CONVERSION = YES;
				CLANG_WARN_INFINITE_RECURSION = YES;
				CLANG_WARN_INT_CONVERSION = YES;
				CLANG_WARN_NON_LITERAL_NULL_CONVERSION = YES;
				CLANG_WARN_OBJC_IMPLICIT_RETAIN_SELF = YES;
				CLANG_WARN_OBJC_LITERAL_CONVERSION = YES;
				CLANG_WARN_OBJC_ROOT_CLASS = YES_ERROR;
				CLANG_WARN_QUOTED_INCLUDE_IN_FRAMEWORK_HEADER = YES;
				CLANG_WARN_RANGE_LOOP_ANALYSIS = YES;
				CLANG_WARN_STRICT_PROTOTYPES = YES;
				CLANG_WARN_SUSPICIOUS_MOVE = YES;
				CLANG_WARN_UNGUARDED_AVAILABILITY = YES_AGGRESSIVE;
				CLANG_WARN_UNREACHABLE_CODE = YES;
				CLANG_WARN__DUPLICATE_METHOD_MATCH = YES;
				COPY_PHASE_STRIP = NO;
				DEBUG_INFORMATION_FORMAT = "dwarf-with-dsym";
				ENABLE_NS_ASSERTIONS = NO;
				ENABLE_STRICT_OBJC_MSGSEND = YES;
				GCC_C_LANGUAGE_STANDARD = gnu11;
				GCC_NO_COMMON_BLOCKS = YES;
				GCC_WARN_64_TO_32_BIT_CONVERSION = YES;
				GCC_WARN_ABOUT_RETURN_TYPE = YES_ERROR;
				GCC_WARN_UNDECLARED_SELECTOR = YES;
				GCC_WARN_UNINITIALIZED_AUTOS = YES_AGGRESSIVE;
				GCC_WARN_UNUSED_FUNCTION = YES;
				GCC_WARN_UNUSED_VARIABLE = YES;
				IPHONEOS_DEPLOYMENT_TARGET = 16.4;
				MTL_ENABLE_DEBUG_INFO = NO;
				MTL_FAST_MATH = YES;
				SDKROOT = iphoneos;
				SWIFT_COMPILATION_MODE = wholemodule;
				SWIFT_OPTIMIZATION_LEVEL = "-O";
				VALIDATE_PRODUCT = YES;
			};
			name = Release;
		};
		B90851452B064ADA0085861B /* Debug */ = {
			isa = XCBuildConfiguration;
			baseConfigurationReference = F17FC34682C61059F0D79D7B /* Pods-letlaugh.debug.xcconfig */;
			buildSettings = {
				ASSETCATALOG_COMPILER_APPICON_NAME = AppIcon;
				ASSETCATALOG_COMPILER_GLOBAL_ACCENT_COLOR_NAME = AccentColor;
				CODE_SIGN_STYLE = Automatic;
				CURRENT_PROJECT_VERSION = 1;
				DEVELOPMENT_TEAM = RTG39GK7BU;
				GENERATE_INFOPLIST_FILE = YES;
				INFOPLIST_FILE = letlaugh/Info.plist;
				INFOPLIST_KEY_UIApplicationSupportsIndirectInputEvents = YES;
				INFOPLIST_KEY_UILaunchStoryboardName = LaunchScreen;
				INFOPLIST_KEY_UISupportedInterfaceOrientations = UIInterfaceOrientationPortrait;
				IPHONEOS_DEPLOYMENT_TARGET = 15.0;
				LD_RUNPATH_SEARCH_PATHS = (
					"$(inherited)",
					"@executable_path/Frameworks",
				);
				MARKETING_VERSION = 1.0;
				PRODUCT_BUNDLE_IDENTIFIER = tech.art22m.letlaugh;
				PRODUCT_NAME = "$(TARGET_NAME)";
				SWIFT_EMIT_LOC_STRINGS = YES;
				SWIFT_VERSION = 5.0;
				TARGETED_DEVICE_FAMILY = "1,2";
			};
			name = Debug;
		};
		B90851462B064ADA0085861B /* Release */ = {
			isa = XCBuildConfiguration;
			baseConfigurationReference = B9AEDD28846E86F5E5732388 /* Pods-letlaugh.release.xcconfig */;
			buildSettings = {
				ASSETCATALOG_COMPILER_APPICON_NAME = AppIcon;
				ASSETCATALOG_COMPILER_GLOBAL_ACCENT_COLOR_NAME = AccentColor;
				CODE_SIGN_STYLE = Automatic;
				CURRENT_PROJECT_VERSION = 1;
				DEVELOPMENT_TEAM = RTG39GK7BU;
				GENERATE_INFOPLIST_FILE = YES;
				INFOPLIST_FILE = letlaugh/Info.plist;
				INFOPLIST_KEY_UIApplicationSupportsIndirectInputEvents = YES;
				INFOPLIST_KEY_UILaunchStoryboardName = LaunchScreen;
				INFOPLIST_KEY_UISupportedInterfaceOrientations = UIInterfaceOrientationPortrait;
				IPHONEOS_DEPLOYMENT_TARGET = 15.0;
				LD_RUNPATH_SEARCH_PATHS = (
					"$(inherited)",
					"@executable_path/Frameworks",
				);
				MARKETING_VERSION = 1.0;
				PRODUCT_BUNDLE_IDENTIFIER = tech.art22m.letlaugh;
				PRODUCT_NAME = "$(TARGET_NAME)";
				SWIFT_EMIT_LOC_STRINGS = YES;
				SWIFT_VERSION = 5.0;
				TARGETED_DEVICE_FAMILY = "1,2";
			};
			name = Release;
		};
/* End XCBuildConfiguration section */

/* Begin XCConfigurationList section */
		B908512B2B064AD70085861B /* Build configuration list for PBXProject "letlaugh" */ = {
			isa = XCConfigurationList;
			buildConfigurations = (
				B90851422B064ADA0085861B /* Debug */,
				B90851432B064ADA0085861B /* Release */,
			);
			defaultConfigurationIsVisible = 0;
			defaultConfigurationName = Release;
		};
		B90851442B064ADA0085861B /* Build configuration list for PBXNativeTarget "letlaugh" */ = {
			isa = XCConfigurationList;
			buildConfigurations = (
				B90851452B064ADA0085861B /* Debug */,
				B90851462B064ADA0085861B /* Release */,
			);
			defaultConfigurationIsVisible = 0;
			defaultConfigurationName = Release;
		};
/* End XCConfigurationList section */
	};
	rootObject = B90851282B064AD70085861B /* Project object */;
}
